// !$*UTF8*$!
{
	archiveVersion = 1;
	classes = {
	};
	objectVersion = 48;
	objects = {

/* Begin PBXBuildFile section */
		74DB76B920DBFB5200AF9482 /* AppDelegate.swift in Sources */ = {isa = PBXBuildFile; fileRef = 74DB76B820DBFB5200AF9482 /* AppDelegate.swift */; };
		74DB76BE20DBFB5200AF9482 /* Main.storyboard in Resources */ = {isa = PBXBuildFile; fileRef = 74DB76BC20DBFB5200AF9482 /* Main.storyboard */; };
		74DB76C020DBFB5200AF9482 /* Assets.xcassets in Resources */ = {isa = PBXBuildFile; fileRef = 74DB76BF20DBFB5200AF9482 /* Assets.xcassets */; };
		74DB76C320DBFB5200AF9482 /* LaunchScreen.storyboard in Resources */ = {isa = PBXBuildFile; fileRef = 74DB76C120DBFB5200AF9482 /* LaunchScreen.storyboard */; };
		74DB76CB20DBFB7D00AF9482 /* MyTableViewController.swift in Sources */ = {isa = PBXBuildFile; fileRef = 74DB76CA20DBFB7D00AF9482 /* MyTableViewController.swift */; };
		74DB76CD20DBFB8E00AF9482 /* MyTableViewCell.swift in Sources */ = {isa = PBXBuildFile; fileRef = 74DB76CC20DBFB8E00AF9482 /* MyTableViewCell.swift */; };
		74DB76CF20DBFD7B00AF9482 /* Food.swift in Sources */ = {isa = PBXBuildFile; fileRef = 74DB76CE20DBFD7B00AF9482 /* Food.swift */; };
		74DB76D120DC015100AF9482 /* MapViewController.swift in Sources */ = {isa = PBXBuildFile; fileRef = 74DB76D020DC015100AF9482 /* MapViewController.swift */; };
		74DB76D420DC04E400AF9482 /* MapKit.framework in Frameworks */ = {isa = PBXBuildFile; fileRef = 74DB76D320DC04E400AF9482 /* MapKit.framework */; };
		74DB76D620DC077200AF9482 /* TotalViewController.swift in Sources */ = {isa = PBXBuildFile; fileRef = 74DB76D520DC077200AF9482 /* TotalViewController.swift */; };
/* End PBXBuildFile section */

/* Begin PBXFileReference section */
		74DB76B520DBFB5200AF9482 /* exam1.app */ = {isa = PBXFileReference; explicitFileType = wrapper.application; includeInIndex = 0; path = exam1.app; sourceTree = BUILT_PRODUCTS_DIR; };
		74DB76B820DBFB5200AF9482 /* AppDelegate.swift */ = {isa = PBXFileReference; lastKnownFileType = sourcecode.swift; path = AppDelegate.swift; sourceTree = "<group>"; };
		74DB76BD20DBFB5200AF9482 /* Base */ = {isa = PBXFileReference; lastKnownFileType = file.storyboard; name = Base; path = Base.lproj/Main.storyboard; sourceTree = "<group>"; };
		74DB76BF20DBFB5200AF9482 /* Assets.xcassets */ = {isa = PBXFileReference; lastKnownFileType = folder.assetcatalog; path = Assets.xcassets; sourceTree = "<group>"; };
		74DB76C220DBFB5200AF9482 /* Base */ = {isa = PBXFileReference; lastKnownFileType = file.storyboard; name = Base; path = Base.lproj/LaunchScreen.storyboard; sourceTree = "<group>"; };
		74DB76C420DBFB5200AF9482 /* Info.plist */ = {isa = PBXFileReference; lastKnownFileType = text.plist.xml; path = Info.plist; sourceTree = "<group>"; };
		74DB76CA20DBFB7D00AF9482 /* MyTableViewController.swift */ = {isa = PBXFileReference; lastKnownFileType = sourcecode.swift; path = MyTableViewController.swift; sourceTree = "<group>"; };
		74DB76CC20DBFB8E00AF9482 /* MyTableViewCell.swift */ = {isa = PBXFileReference; lastKnownFileType = sourcecode.swift; path = MyTableViewCell.swift; sourceTree = "<group>"; };
		74DB76CE20DBFD7B00AF9482 /* Food.swift */ = {isa = PBXFileReference; lastKnownFileType = sourcecode.swift; path = Food.swift; sourceTree = "<group>"; };
		74DB76D020DC015100AF9482 /* MapViewController.swift */ = {isa = PBXFileReference; lastKnownFileType = sourcecode.swift; path = MapViewController.swift; sourceTree = "<group>"; };
		74DB76D320DC04E400AF9482 /* MapKit.framework */ = {isa = PBXFileReference; lastKnownFileType = wrapper.framework; name = MapKit.framework; path = System/Library/Frameworks/MapKit.framework; sourceTree = SDKROOT; };
		74DB76D520DC077200AF9482 /* TotalViewController.swift */ = {isa = PBXFileReference; lastKnownFileType = sourcecode.swift; path = TotalViewController.swift; sourceTree = "<group>"; };
/* End PBXFileReference section */

/* Begin PBXFrameworksBuildPhase section */
		74DB76B220DBFB5200AF9482 /* Frameworks */ = {
			isa = PBXFrameworksBuildPhase;
			buildActionMask = 2147483647;
			files = (
				74DB76D420DC04E400AF9482 /* MapKit.framework in Frameworks */,
			);
			runOnlyForDeploymentPostprocessing = 0;
		};
/* End PBXFrameworksBuildPhase section */

/* Begin PBXGroup section */
		74DB76AC20DBFB5200AF9482 = {
			isa = PBXGroup;
			children = (
				74DB76B720DBFB5200AF9482 /* exam1 */,
				74DB76B620DBFB5200AF9482 /* Products */,
				74DB76D220DC04E400AF9482 /* Frameworks */,
			);
			sourceTree = "<group>";
		};
		74DB76B620DBFB5200AF9482 /* Products */ = {
			isa = PBXGroup;
			children = (
				74DB76B520DBFB5200AF9482 /* exam1.app */,
			);
			name = Products;
			sourceTree = "<group>";
		};
		74DB76B720DBFB5200AF9482 /* exam1 */ = {
			isa = PBXGroup;
			children = (
				74DB76B820DBFB5200AF9482 /* AppDelegate.swift */,
				74DB76BC20DBFB5200AF9482 /* Main.storyboard */,
				74DB76BF20DBFB5200AF9482 /* Assets.xcassets */,
				74DB76C120DBFB5200AF9482 /* LaunchScreen.storyboard */,
				74DB76C420DBFB5200AF9482 /* Info.plist */,
				74DB76CA20DBFB7D00AF9482 /* MyTableViewController.swift */,
				74DB76CC20DBFB8E00AF9482 /* MyTableViewCell.swift */,
				74DB76CE20DBFD7B00AF9482 /* Food.swift */,
				74DB76D020DC015100AF9482 /* MapViewController.swift */,
				74DB76D520DC077200AF9482 /* TotalViewController.swift */,
			);
			path = exam1;
			sourceTree = "<group>";
		};
		74DB76D220DC04E400AF9482 /* Frameworks */ = {
			isa = PBXGroup;
			children = (
				74DB76D320DC04E400AF9482 /* MapKit.framework */,
			);
			name = Frameworks;
			sourceTree = "<group>";
		};
/* End PBXGroup section */

/* Begin PBXNativeTarget section */
		74DB76B420DBFB5200AF9482 /* exam1 */ = {
			isa = PBXNativeTarget;
			buildConfigurationList = 74DB76C720DBFB5200AF9482 /* Build configuration list for PBXNativeTarget "exam1" */;
			buildPhases = (
				74DB76B120DBFB5200AF9482 /* Sources */,
				74DB76B220DBFB5200AF9482 /* Frameworks */,
				74DB76B320DBFB5200AF9482 /* Resources */,
			);
			buildRules = (
			);
			dependencies = (
			);
			name = exam1;
			productName = exam1;
			productReference = 74DB76B520DBFB5200AF9482 /* exam1.app */;
			productType = "com.apple.product-type.application";
		};
/* End PBXNativeTarget section */

/* Begin PBXProject section */
		74DB76AD20DBFB5200AF9482 /* Project object */ = {
			isa = PBXProject;
			attributes = {
				LastSwiftUpdateCheck = 0920;
				LastUpgradeCheck = 0920;
				ORGANIZATIONNAME = jik;
				TargetAttributes = {
					74DB76B420DBFB5200AF9482 = {
						CreatedOnToolsVersion = 9.2;
						ProvisioningStyle = Automatic;
					};
				};
			};
			buildConfigurationList = 74DB76B020DBFB5200AF9482 /* Build configuration list for PBXProject "exam1" */;
			compatibilityVersion = "Xcode 8.0";
			developmentRegion = en;
			hasScannedForEncodings = 0;
			knownRegions = (
				en,
				Base,
			);
			mainGroup = 74DB76AC20DBFB5200AF9482;
			productRefGroup = 74DB76B620DBFB5200AF9482 /* Products */;
			projectDirPath = "";
			projectRoot = "";
			targets = (
				74DB76B420DBFB5200AF9482 /* exam1 */,
			);
		};
/* End PBXProject section */

/* Begin PBXResourcesBuildPhase section */
		74DB76B320DBFB5200AF9482 /* Resources */ = {
			isa = PBXResourcesBuildPhase;
			buildActionMask = 2147483647;
			files = (
				74DB76C320DBFB5200AF9482 /* LaunchScreen.storyboard in Resources */,
				74DB76C020DBFB5200AF9482 /* Assets.xcassets in Resources */,
				74DB76BE20DBFB5200AF9482 /* Main.storyboard in Resources */,
			);
			runOnlyForDeploymentPostprocessing = 0;
		};
/* End PBXResourcesBuildPhase section */

/* Begin PBXSourcesBuildPhase section */
		74DB76B120DBFB5200AF9482 /* Sources */ = {
			isa = PBXSourcesBuildPhase;
			buildActionMask = 2147483647;
			files = (
				74DB76B920DBFB5200AF9482 /* AppDelegate.swift in Sources */,
				74DB76CF20DBFD7B00AF9482 /* Food.swift in Sources */,
				74DB76CB20DBFB7D00AF9482 /* MyTableViewController.swift in Sources */,
				74DB76D120DC015100AF9482 /* MapViewController.swift in Sources */,
				74DB76CD20DBFB8E00AF9482 /* MyTableViewCell.swift in Sources */,
				74DB76D620DC077200AF9482 /* TotalViewController.swift in Sources */,
			);
			runOnlyForDeploymentPostprocessing = 0;
		};
/* End PBXSourcesBuildPhase section */

/* Begin PBXVariantGroup section */
		74DB76BC20DBFB5200AF9482 /* Main.storyboard */ = {
			isa = PBXVariantGroup;
			children = (
				74DB76BD20DBFB5200AF9482 /* Base */,
			);
			name = Main.storyboard;
			sourceTree = "<group>";
		};
		74DB76C120DBFB5200AF9482 /* LaunchScreen.storyboard */ = {
			isa = PBXVariantGroup;
			children = (
				74DB76C220DBFB5200AF9482 /* Base */,
			);
			name = LaunchScreen.storyboard;
			sourceTree = "<group>";
		};
/* End PBXVariantGroup section */

/* Begin XCBuildConfiguration section */
		74DB76C520DBFB5200AF9482 /* Debug */ = {
			isa = XCBuildConfiguration;
			buildSettings = {
				ALWAYS_SEARCH_USER_PATHS = NO;
				CLANG_ANALYZER_NONNULL = YES;
				CLANG_ANALYZER_NUMBER_OBJECT_CONVERSION = YES_AGGRESSIVE;
				CLANG_CXX_LANGUAGE_STANDARD = "gnu++14";
				CLANG_CXX_LIBRARY = "libc++";
				CLANG_ENABLE_MODULES = YES;
				CLANG_ENABLE_OBJC_ARC = YES;
				CLANG_WARN_BLOCK_CAPTURE_AUTORELEASING = YES;
				CLANG_WARN_BOOL_CONVERSION = YES;
				CLANG_WARN_COMMA = YES;
				CLANG_WARN_CONSTANT_CONVERSION = YES;
				CLANG_WARN_DIRECT_OBJC_ISA_USAGE = YES_ERROR;
				CLANG_WARN_DOCUMENTATION_COMMENTS = YES;
				CLANG_WARN_EMPTY_BODY = YES;
				CLANG_WARN_ENUM_CONVERSION = YES;
				CLANG_WARN_INFINITE_RECURSION = YES;
				CLANG_WARN_INT_CONVERSION = YES;
				CLANG_WARN_NON_LITERAL_NULL_CONVERSION = YES;
				CLANG_WARN_OBJC_LITERAL_CONVERSION = YES;
				CLANG_WARN_OBJC_ROOT_CLASS = YES_ERROR;
				CLANG_WARN_RANGE_LOOP_ANALYSIS = YES;
				CLANG_WARN_STRICT_PROTOTYPES = YES;
				CLANG_WARN_SUSPICIOUS_MOVE = YES;
				CLANG_WARN_UNGUARDED_AVAILABILITY = YES_AGGRESSIVE;
				CLANG_WARN_UNREACHABLE_CODE = YES;
				CLANG_WARN__DUPLICATE_METHOD_MATCH = YES;
				CODE_SIGN_IDENTITY = "iPhone Developer";
				COPY_PHASE_STRIP = NO;
				DEBUG_INFORMATION_FORMAT = dwarf;
				ENABLE_STRICT_OBJC_MSGSEND = YES;
				ENABLE_TESTABILITY = YES;
				GCC_C_LANGUAGE_STANDARD = gnu11;
				GCC_DYNAMIC_NO_PIC = NO;
				GCC_NO_COMMON_BLOCKS = YES;
				GCC_OPTIMIZATION_LEVEL = 0;
				GCC_PREPROCESSOR_DEFINITIONS = (
					"DEBUG=1",
					"$(inherited)",
				);
				GCC_WARN_64_TO_32_BIT_CONVERSION = YES;
				GCC_WARN_ABOUT_RETURN_TYPE = YES_ERROR;
				GCC_WARN_UNDECLARED_SELECTOR = YES;
				GCC_WARN_UNINITIALIZED_AUTOS = YES_AGGRESSIVE;
				GCC_WARN_UNUSED_FUNCTION = YES;
				GCC_WARN_UNUSED_VARIABLE = YES;
				IPHONEOS_DEPLOYMENT_TARGET = 11.2;
				MTL_ENABLE_DEBUG_INFO = YES;
				ONLY_ACTIVE_ARCH = YES;
				SDKROOT = iphoneos;
				SWIFT_ACTIVE_COMPILATION_CONDITIONS = DEBUG;
				SWIFT_OPTIMIZATION_LEVEL = "-Onone";
			};
			name = Debug;
		};
		74DB76C620DBFB5200AF9482 /* Release */ = {
			isa = XCBuildConfiguration;
			buildSettings = {
				ALWAYS_SEARCH_USER_PATHS = NO;
				CLANG_ANALYZER_NONNULL = YES;
				CLANG_ANALYZER_NUMBER_OBJECT_CONVERSION = YES_AGGRESSIVE;
				CLANG_CXX_LANGUAGE_STANDARD = "gnu++14";
				CLANG_CXX_LIBRARY = "libc++";
				CLANG_ENABLE_MODULES = YES;
				CLANG_ENABLE_OBJC_ARC = YES;
				CLANG_WARN_BLOCK_CAPTURE_AUTORELEASING = YES;
				CLANG_WARN_BOOL_CONVERSION = YES;
				CLANG_WARN_COMMA = YES;
				CLANG_WARN_CONSTANT_CONVERSION = YES;
				CLANG_WARN_DIRECT_OBJC_ISA_USAGE = YES_ERROR;
				CLANG_WARN_DOCUMENTATION_COMMENTS = YES;
				CLANG_WARN_EMPTY_BODY = YES;
				CLANG_WARN_ENUM_CONVERSION = YES;
				CLANG_WARN_INFINITE_RECURSION = YES;
				CLANG_WARN_INT_CONVERSION = YES;
				CLANG_WARN_NON_LITERAL_NULL_CONVERSION = YES;
				CLANG_WARN_OBJC_LITERAL_CONVERSION = YES;
				CLANG_WARN_OBJC_ROOT_CLASS = YES_ERROR;
				CLANG_WARN_RANGE_LOOP_ANALYSIS = YES;
				CLANG_WARN_STRICT_PROTOTYPES = YES;
				CLANG_WARN_SUSPICIOUS_MOVE = YES;
				CLANG_WARN_UNGUARDED_AVAILABILITY = YES_AGGRESSIVE;
				CLANG_WARN_UNREACHABLE_CODE = YES;
				CLANG_WARN__DUPLICATE_METHOD_MATCH = YES;
				CODE_SIGN_IDENTITY = "iPhone Developer";
				COPY_PHASE_STRIP = NO;
				DEBUG_INFORMATION_FORMAT = "dwarf-with-dsym";
				ENABLE_NS_ASSERTIONS = NO;
				ENABLE_STRICT_OBJC_MSGSEND = YES;
				GCC_C_LANGUAGE_STANDARD = gnu11;
				GCC_NO_COMMON_BLOCKS = YES;
				GCC_WARN_64_TO_32_BIT_CONVERSION = YES;
				GCC_WARN_ABOUT_RETURN_TYPE = YES_ERROR;
				GCC_WARN_UNDECLARED_SELECTOR = YES;
				GCC_WARN_UNINITIALIZED_AUTOS = YES_AGGRESSIVE;
				GCC_WARN_UNUSED_FUNCTION = YES;
				GCC_WARN_UNUSED_VARIABLE = YES;
				IPHONEOS_DEPLOYMENT_TARGET = 11.2;
				MTL_ENABLE_DEBUG_INFO = NO;
				SDKROOT = iphoneos;
				SWIFT_OPTIMIZATION_LEVEL = "-Owholemodule";
				VALIDATE_PRODUCT = YES;
			};
			name = Release;
		};
		74DB76C820DBFB5200AF9482 /* Debug */ = {
			isa = XCBuildConfiguration;
			buildSettings = {
				ASSETCATALOG_COMPILER_APPICON_NAME = AppIcon;
				CODE_SIGN_STYLE = Automatic;
				INFOPLIST_FILE = exam1/Info.plist;
				LD_RUNPATH_SEARCH_PATHS = "$(inherited) @executable_path/Frameworks";
				PRODUCT_BUNDLE_IDENTIFIER = lyw.ac.kr.exam1;
				PRODUCT_NAME = "$(TARGET_NAME)";
				SWIFT_VERSION = 4.0;
				TARGETED_DEVICE_FAMILY = "1,2";
			};
			name = Debug;
		};
		74DB76C920DBFB5200AF9482 /* Release */ = {
			isa = XCBuildConfiguration;
			buildSettings = {
				ASSETCATALOG_COMPILER_APPICON_NAME = AppIcon;
				CODE_SIGN_STYLE = Automatic;
				INFOPLIST_FILE = exam1/Info.plist;
				LD_RUNPATH_SEARCH_PATHS = "$(inherited) @executable_path/Frameworks";
				PRODUCT_BUNDLE_IDENTIFIER = lyw.ac.kr.exam1;
				PRODUCT_NAME = "$(TARGET_NAME)";
				SWIFT_VERSION = 4.0;
				TARGETED_DEVICE_FAMILY = "1,2";
			};
			name = Release;
		};
/* End XCBuildConfiguration section */

/* Begin XCConfigurationList section */
		74DB76B020DBFB5200AF9482 /* Build configuration list for PBXProject "exam1" */ = {
			isa = XCConfigurationList;
			buildConfigurations = (
				74DB76C520DBFB5200AF9482 /* Debug */,
				74DB76C620DBFB5200AF9482 /* Release */,
			);
			defaultConfigurationIsVisible = 0;
			defaultConfigurationName = Release;
		};
		74DB76C720DBFB5200AF9482 /* Build configuration list for PBXNativeTarget "exam1" */ = {
			isa = XCConfigurationList;
			buildConfigurations = (
				74DB76C820DBFB5200AF9482 /* Debug */,
				74DB76C920DBFB5200AF9482 /* Release */,
			);
			defaultConfigurationIsVisible = 0;
			defaultConfigurationName = Release;
		};
/* End XCConfigurationList section */
	};
	rootObject = 74DB76AD20DBFB5200AF9482 /* Project object */;
}
